
Microsoft Visual Studio Solution File, Format Version 12.00
# Visual Studio Version 17
VisualStudioVersion = 17.0.32112.339
MinimumVisualStudioVersion = 10.0.40219.1
Project("{9A19103F-16F7-4668-BE54-9A1E7A4F7556}") = "WebApi", "WebApi\WebApi.csproj", "{B22FD390-3E7B-41FA-8A27-96B73ADE77E3}"
	ProjectSection(ProjectDependencies) = postProject
		{F5F39660-D1EA-4008-BA56-7F329F1C2A6A} = {F5F39660-D1EA-4008-BA56-7F329F1C2A6A}
	EndProjectSection
EndProject
Project("{2150E333-8FDC-42A3-9474-1A3956D46DE8}") = "Libraries", "Libraries", "{987841E7-74E1-4358-8645-355D7D33D9CD}"
EndProject
Project("{9A19103F-16F7-4668-BE54-9A1E7A4F7556}") = "Services", "Libraries\Services\Services.csproj", "{6009342F-F209-4322-A90A-B035DFA6F428}"
EndProject
Project("{9A19103F-16F7-4668-BE54-9A1E7A4F7556}") = "Models", "Libraries\Models\Models.csproj", "{D4EFCBA9-4D4A-49C2-9038-2697686D0CB1}"
EndProject
Project("{9A19103F-16F7-4668-BE54-9A1E7A4F7556}") = "Common", "Libraries\Common\Common.csproj", "{F5F39660-D1EA-4008-BA56-7F329F1C2A6A}"
EndProject
Project("{9A19103F-16F7-4668-BE54-9A1E7A4F7556}") = "ConsoleApp", "ConsoleApp\ConsoleApp.csproj", "{422CCF25-35AC-4B93-B7BB-15BC0BD18211}"
EndProject
Project("{2150E333-8FDC-42A3-9474-1A3956D46DE8}") = "Solution Items", "Solution Items", "{74FF960A-1B6D-4A98-B167-042F90557E75}"
	ProjectSection(SolutionItems) = preProject
		.editorconfig = .editorconfig
	EndProjectSection
EndProject
Global
	GlobalSection(SolutionConfigurationPlatforms) = preSolution
		Debug|Any CPU = Debug|Any CPU
		Release|Any CPU = Release|Any CPU
	EndGlobalSection
	GlobalSection(ProjectConfigurationPlatforms) = postSolution
		{B22FD390-3E7B-41FA-8A27-96B73ADE77E3}.Debug|Any CPU.ActiveCfg = Debug|Any CPU
		{B22FD390-3E7B-41FA-8A27-96B73ADE77E3}.Debug|Any CPU.Build.0 = Debug|Any CPU
		{B22FD390-3E7B-41FA-8A27-96B73ADE77E3}.Release|Any CPU.ActiveCfg = Release|Any CPU
		{B22FD390-3E7B-41FA-8A27-96B73ADE77E3}.Release|Any CPU.Build.0 = Release|Any CPU
		{6009342F-F209-4322-A90A-B035DFA6F428}.Debug|Any CPU.ActiveCfg = Debug|Any CPU
		{6009342F-F209-4322-A90A-B035DFA6F428}.Debug|Any CPU.Build.0 = Debug|Any CPU
		{6009342F-F209-4322-A90A-B035DFA6F428}.Release|Any CPU.ActiveCfg = Release|Any CPU
		{6009342F-F209-4322-A90A-B035DFA6F428}.Release|Any CPU.Build.0 = Release|Any CPU
		{D4EFCBA9-4D4A-49C2-9038-2697686D0CB1}.Debug|Any CPU.ActiveCfg = Debug|Any CPU
		{D4EFCBA9-4D4A-49C2-9038-2697686D0CB1}.Debug|Any CPU.Build.0 = Debug|Any CPU
		{D4EFCBA9-4D4A-49C2-9038-2697686D0CB1}.Release|Any CPU.ActiveCfg = Release|Any CPU
		{D4EFCBA9-4D4A-49C2-9038-2697686D0CB1}.Release|Any CPU.Build.0 = Release|Any CPU
		{F5F39660-D1EA-4008-BA56-7F329F1C2A6A}.Debug|Any CPU.ActiveCfg = Debug|Any CPU
		{F5F39660-D1EA-4008-BA56-7F329F1C2A6A}.Debug|Any CPU.Build.0 = Debug|Any CPU
		{F5F39660-D1EA-4008-BA56-7F329F1C2A6A}.Release|Any CPU.ActiveCfg = Release|Any CPU
		{F5F39660-D1EA-4008-BA56-7F329F1C2A6A}.Release|Any CPU.Build.0 = Release|Any CPU
		{422CCF25-35AC-4B93-B7BB-15BC0BD18211}.Debug|Any CPU.ActiveCfg = Debug|Any CPU
		{422CCF25-35AC-4B93-B7BB-15BC0BD18211}.Debug|Any CPU.Build.0 = Debug|Any CPU
		{422CCF25-35AC-4B93-B7BB-15BC0BD18211}.Release|Any CPU.ActiveCfg = Release|Any CPU
		{422CCF25-35AC-4B93-B7BB-15BC0BD18211}.Release|Any CPU.Build.0 = Release|Any CPU
	EndGlobalSection
	GlobalSection(SolutionProperties) = preSolution
		HideSolutionNode = FALSE
	EndGlobalSection
	GlobalSection(NestedProjects) = preSolution
		{6009342F-F209-4322-A90A-B035DFA6F428} = {987841E7-74E1-4358-8645-355D7D33D9CD}
		{D4EFCBA9-4D4A-49C2-9038-2697686D0CB1} = {987841E7-74E1-4358-8645-355D7D33D9CD}
		{F5F39660-D1EA-4008-BA56-7F329F1C2A6A} = {987841E7-74E1-4358-8645-355D7D33D9CD}
	EndGlobalSection
	GlobalSection(ExtensibilityGlobals) = postSolution
		SolutionGuid = {F470CA62-BB17-4089-916C-25C8B3EA2A3C}
	EndGlobalSection
EndGlobal
